{
    "requires": true,
    "lockfileVersion": 1,
    "dependencies": {
        "foundation-emails": {
            "version": "2.3.1",
            "resolved": "https://registry.npmjs.org/foundation-emails/-/foundation-emails-2.3.1.tgz",
            "integrity": "sha512-omqS9jEaM4mehUMPDGnp9BmzZ+vWBpkt/cgvTHCNu1w5JWtvaBQop+Ds7c6Gmt77hUIvmo78Oi5N4u2x7K0Utw=="
        },
        "foundation-sites": {
            "version": "6.6.3",
            "resolved": "https://registry.npmjs.org/foundation-sites/-/foundation-sites-6.6.3.tgz",
            "integrity": "sha512-8X93wUAmUg1HhVv8uWMWnwoBLSQWSmFImJencneIZDctswn724Bq/MV1cbPZN/GFWGOB/9ngoQHztfzd4+ovCg=="
        },
        "jquery": {
            "version": "3.5.1",
            "resolved": "https://registry.npmjs.org/jquery/-/jquery-3.5.1.tgz",
            "integrity": "sha512-XwIBPqcMn57FxfT+Go5pzySnm4KWkT1Tv7gjrpT1srtf8Weynl6R273VJ5GjkRb51IzMp5nbaPjJXMWeju2MKg=="
        },
        "what-input": {
            "version": "5.2.10",
            "resolved": "https://registry.npmjs.org/what-input/-/what-input-5.2.10.tgz",
            "integrity": "sha512-7AQoIMGq7uU8esmKniOtZG3A+pzlwgeyFpkS3f/yzRbxknSL68tvn5gjE6bZ4OMFxCPjpaBd2udUTqlZ0HwrXQ=="
        }
    }
}
